{
  "name": "purescript-concur-morphdom",
  "version": "0.1.0",
  "lockfileVersion": 1,
  "requires": true,
  "dependencies": {
    "morphdom": {
      "version": "2.5.12",
      "resolved": "https://registry.npmjs.org/morphdom/-/morphdom-2.5.12.tgz",
      "integrity": "sha512-KAAMs5yBv5of2HJv1vKfOdpdSXrptFEmS7RdWQDvz8jPQawNu7lVFERUvwePSPVdhigFp3XOsUc1anpPARbSOA=="
    }
  }
}
